
Microsoft Visual Studio Solution File, Format Version 12.00
# Visual Studio 2013
VisualStudioVersion = 12.0.30723.0
MinimumVisualStudioVersion = 10.0.40219.1
Project("{FAE04EC0-301F-11D3-BF4B-00C04F79EFBC}") = "PluggableWebApplication", "PluggableWebApplication\PluggableWebApplication.csproj", "{A0776F89-2B14-448A-95E0-FD7C6A3DDD21}"
EndProject
Project("{FAE04EC0-301F-11D3-BF4B-00C04F79EFBC}") = "Admin", "PluggableWebApplication\Areas\Admin\Admin.csproj", "{AC74FC99-C1C8-4339-93E1-CCE3C50AAA6B}"
EndProject
Global
	GlobalSection(SolutionConfigurationPlatforms) = preSolution
		Debug|Any CPU = Debug|Any CPU
		Release|Any CPU = Release|Any CPU
	EndGlobalSection
	GlobalSection(ProjectConfigurationPlatforms) = postSolution
		{A0776F89-2B14-448A-95E0-FD7C6A3DDD21}.Debug|Any CPU.ActiveCfg = Debug|Any CPU
		{A0776F89-2B14-448A-95E0-FD7C6A3DDD21}.Debug|Any CPU.Build.0 = Debug|Any CPU
		{A0776F89-2B14-448A-95E0-FD7C6A3DDD21}.Release|Any CPU.ActiveCfg = Release|Any CPU
		{A0776F89-2B14-448A-95E0-FD7C6A3DDD21}.Release|Any CPU.Build.0 = Release|Any CPU
		{AC74FC99-C1C8-4339-93E1-CCE3C50AAA6B}.Debug|Any CPU.ActiveCfg = Debug|Any CPU
		{AC74FC99-C1C8-4339-93E1-CCE3C50AAA6B}.Debug|Any CPU.Build.0 = Debug|Any CPU
		{AC74FC99-C1C8-4339-93E1-CCE3C50AAA6B}.Release|Any CPU.ActiveCfg = Release|Any CPU
		{AC74FC99-C1C8-4339-93E1-CCE3C50AAA6B}.Release|Any CPU.Build.0 = Release|Any CPU
	EndGlobalSection
	GlobalSection(SolutionProperties) = preSolution
		HideSolutionNode = FALSE
	EndGlobalSection
EndGlobal
